
Microsoft Visual Studio Solution File, Format Version 12.00
# Visual Studio 15
VisualStudioVersion = 15.0.28307.1259
MinimumVisualStudioVersion = 10.0.40219.1
Project("{FAE04EC0-301F-11D3-BF4B-00C04F79EFBC}") = "Entrega_1", "ConsoleApp1\Entrega_1.csproj", "{BD8C5A6C-AB3C-41A7-99B0-95E5F697FE0E}"
EndProject
Project("{FAE04EC0-301F-11D3-BF4B-00C04F79EFBC}") = "Dominio", "ClassLibrary1\Dominio.csproj", "{360C21B8-A72F-499A-B0A2-720E9BCE9027}"
EndProject
Global
	GlobalSection(SolutionConfigurationPlatforms) = preSolution
		Debug|Any CPU = Debug|Any CPU
		Release|Any CPU = Release|Any CPU
	EndGlobalSection
	GlobalSection(ProjectConfigurationPlatforms) = postSolution
		{BD8C5A6C-AB3C-41A7-99B0-95E5F697FE0E}.Debug|Any CPU.ActiveCfg = Debug|Any CPU
		{BD8C5A6C-AB3C-41A7-99B0-95E5F697FE0E}.Debug|Any CPU.Build.0 = Debug|Any CPU
		{BD8C5A6C-AB3C-41A7-99B0-95E5F697FE0E}.Release|Any CPU.ActiveCfg = Release|Any CPU
		{BD8C5A6C-AB3C-41A7-99B0-95E5F697FE0E}.Release|Any CPU.Build.0 = Release|Any CPU
		{360C21B8-A72F-499A-B0A2-720E9BCE9027}.Debug|Any CPU.ActiveCfg = Debug|Any CPU
		{360C21B8-A72F-499A-B0A2-720E9BCE9027}.Debug|Any CPU.Build.0 = Debug|Any CPU
		{360C21B8-A72F-499A-B0A2-720E9BCE9027}.Release|Any CPU.ActiveCfg = Release|Any CPU
		{360C21B8-A72F-499A-B0A2-720E9BCE9027}.Release|Any CPU.Build.0 = Release|Any CPU
	EndGlobalSection
	GlobalSection(SolutionProperties) = preSolution
		HideSolutionNode = FALSE
	EndGlobalSection
	GlobalSection(ExtensibilityGlobals) = postSolution
		SolutionGuid = {7D11F9C4-078E-4038-8E80-FD33C2E280F3}
	EndGlobalSection
EndGlobal
